github.com/SubhashBose/GoPkg-selfupdater v1.0.0 h1:+m4trDqAMOIdWVQpdh2ZQ1duoZxbYqT0RpnhB4IdTck=
github.com/SubhashBose/GoPkg-selfupdater v1.0.0/go.mod h1:rY5v5SBg4BX6w8Nniy6JCtD621xXKKwuL3ZBkR3TIYM=
github.com/andybalholm/brotli v1.2.1 h1:R+f5xP285VArJDRgowrfb9DqL18yVK0gKAW/F+eTWro=
github.com/andybalholm/brotli v1.2.1/go.mod h1:rzTDkvFWvIrjDXZHkuS16NPggd91W3kUSvPlQ1pLaKY=
gopkg.in/yaml.v3 v3.0.1 h1:fxVm/GzAzEWqLHuvctI91KS9hhNmmWOoWu0XTYJS7CA=
gopkg.in/yaml.v3 v3.0.1/go.mod h1:K4uyk7z7BCEPqu6E+C64Yfv1cQ7kz7rIZviUmN+EgEM=
